
Microsoft Visual Studio Solution File, Format Version 12.00
# Visual Studio Version 16
VisualStudioVersion = 16.0.31702.278
MinimumVisualStudioVersion = 10.0.40219.1
Project("{FAE04EC0-301F-11D3-BF4B-00C04F79EFBC}") = "smart_ascii_gen", "smart_ascii_gen.csproj", "{31A5EE64-E58D-4173-9117-BFAAC0A24D33}"
EndProject
Global
	GlobalSection(SolutionConfigurationPlatforms) = preSolution
		Debug|Any CPU = Debug|Any CPU
		Release|Any CPU = Release|Any CPU
	EndGlobalSection
	GlobalSection(ProjectConfigurationPlatforms) = postSolution
		{31A5EE64-E58D-4173-9117-BFAAC0A24D33}.Debug|Any CPU.ActiveCfg = Debug|Any CPU
		{31A5EE64-E58D-4173-9117-BFAAC0A24D33}.Debug|Any CPU.Build.0 = Debug|Any CPU
		{31A5EE64-E58D-4173-9117-BFAAC0A24D33}.Release|Any CPU.ActiveCfg = Release|Any CPU
		{31A5EE64-E58D-4173-9117-BFAAC0A24D33}.Release|Any CPU.Build.0 = Release|Any CPU
	EndGlobalSection
	GlobalSection(SolutionProperties) = preSolution
		HideSolutionNode = FALSE
	EndGlobalSection
	GlobalSection(ExtensibilityGlobals) = postSolution
		SolutionGuid = {995F3733-9ED6-4B13-8C0E-9E5E37435D4D}
	EndGlobalSection
EndGlobal
